
Microsoft Visual Studio Solution File, Format Version 12.00
# Visual Studio Version 17
VisualStudioVersion = 17.8.34330.188
MinimumVisualStudioVersion = 10.0.40219.1
Project("{9A19103F-16F7-4668-BE54-9A1E7A4F7556}") = "BPI_BillOfLading", "BPI_UserSettings\BPI_BillOfLading.csproj", "{FA7F44AE-5084-4C1D-A502-78D7B5B61517}"
EndProject
Global
	GlobalSection(SolutionConfigurationPlatforms) = preSolution
		Debug|Any CPU = Debug|Any CPU
		Release|Any CPU = Release|Any CPU
	EndGlobalSection
	GlobalSection(ProjectConfigurationPlatforms) = postSolution
		{FA7F44AE-5084-4C1D-A502-78D7B5B61517}.Debug|Any CPU.ActiveCfg = Debug|Any CPU
		{FA7F44AE-5084-4C1D-A502-78D7B5B61517}.Debug|Any CPU.Build.0 = Debug|Any CPU
		{FA7F44AE-5084-4C1D-A502-78D7B5B61517}.Release|Any CPU.ActiveCfg = Release|Any CPU
		{FA7F44AE-5084-4C1D-A502-78D7B5B61517}.Release|Any CPU.Build.0 = Release|Any CPU
	EndGlobalSection
	GlobalSection(SolutionProperties) = preSolution
		HideSolutionNode = FALSE
	EndGlobalSection
	GlobalSection(ExtensibilityGlobals) = postSolution
		SolutionGuid = {12A42374-1B97-4CEC-AB43-4BC4F83632DC}
	EndGlobalSection
EndGlobal
